
Microsoft Visual Studio Solution File, Format Version 12.00
# Visual Studio 15
Project("{FAE04EC0-301F-11D3-BF4B-00C04F79EFBC}") = "SeleniumActionsClassMethods", "SeleniumActionsClassMethods\SeleniumActionsClassMethods.csproj", "{C274F275-2622-4172-88DC-8F45CFF6A5CB}"
EndProject
Global
	GlobalSection(SolutionConfigurationPlatforms) = preSolution
		Debug|Any CPU = Debug|Any CPU
		Release|Any CPU = Release|Any CPU
	EndGlobalSection
	GlobalSection(ProjectConfigurationPlatforms) = postSolution
		{C274F275-2622-4172-88DC-8F45CFF6A5CB}.Debug|Any CPU.ActiveCfg = Debug|Any CPU
		{C274F275-2622-4172-88DC-8F45CFF6A5CB}.Debug|Any CPU.Build.0 = Debug|Any CPU
		{C274F275-2622-4172-88DC-8F45CFF6A5CB}.Release|Any CPU.ActiveCfg = Release|Any CPU
		{C274F275-2622-4172-88DC-8F45CFF6A5CB}.Release|Any CPU.Build.0 = Release|Any CPU
	EndGlobalSection
EndGlobal
